
Microsoft Visual Studio Solution File, Format Version 12.00
# Visual Studio Version 16
VisualStudioVersion = 16.0.31424.327
MinimumVisualStudioVersion = 10.0.40219.1
Project("{9A19103F-16F7-4668-BE54-9A1E7A4F7556}") = "MoreUtils", "MoreUtils\MoreUtils.csproj", "{7998E765-CF9F-40DC-B2FE-104DBB59E691}"
EndProject
Project("{2150E333-8FDC-42A3-9474-1A3956D46DE8}") = "Test", "Test", "{A490C547-D5F3-4C1C-82CE-4542E32E6AD9}"
EndProject
Project("{FAE04EC0-301F-11D3-BF4B-00C04F79EFBC}") = "MoreUtils.Test", "MoreUtils.Test\MoreUtils.Test.csproj", "{0A55952F-ED0C-4300-A4CA-B3C3D1835585}"
EndProject
Global
	GlobalSection(SolutionConfigurationPlatforms) = preSolution
		Debug|Any CPU = Debug|Any CPU
		Release|Any CPU = Release|Any CPU
	EndGlobalSection
	GlobalSection(ProjectConfigurationPlatforms) = postSolution
		{7998E765-CF9F-40DC-B2FE-104DBB59E691}.Debug|Any CPU.ActiveCfg = Debug|Any CPU
		{7998E765-CF9F-40DC-B2FE-104DBB59E691}.Debug|Any CPU.Build.0 = Debug|Any CPU
		{7998E765-CF9F-40DC-B2FE-104DBB59E691}.Release|Any CPU.ActiveCfg = Release|Any CPU
		{7998E765-CF9F-40DC-B2FE-104DBB59E691}.Release|Any CPU.Build.0 = Release|Any CPU
		{0A55952F-ED0C-4300-A4CA-B3C3D1835585}.Debug|Any CPU.ActiveCfg = Debug|Any CPU
		{0A55952F-ED0C-4300-A4CA-B3C3D1835585}.Debug|Any CPU.Build.0 = Debug|Any CPU
		{0A55952F-ED0C-4300-A4CA-B3C3D1835585}.Release|Any CPU.ActiveCfg = Release|Any CPU
		{0A55952F-ED0C-4300-A4CA-B3C3D1835585}.Release|Any CPU.Build.0 = Release|Any CPU
	EndGlobalSection
	GlobalSection(SolutionProperties) = preSolution
		HideSolutionNode = FALSE
	EndGlobalSection
	GlobalSection(NestedProjects) = preSolution
		{0A55952F-ED0C-4300-A4CA-B3C3D1835585} = {A490C547-D5F3-4C1C-82CE-4542E32E6AD9}
	EndGlobalSection
	GlobalSection(ExtensibilityGlobals) = postSolution
		SolutionGuid = {9F694D51-682A-48AE-9109-6DD32FD01D50}
	EndGlobalSection
EndGlobal
